// !$*UTF8*$!
{
	archiveVersion = 1;
	classes = {
	};
	objectVersion = 46;
	objects = {

/* Begin PBXBuildFile section */
		C5491C261E8374D700A11807 /* main.m in Sources */ = {isa = PBXBuildFile; fileRef = C5491C251E8374D700A11807 /* main.m */; };
		C5491C291E8374D700A11807 /* AppDelegate.m in Sources */ = {isa = PBXBuildFile; fileRef = C5491C281E8374D700A11807 /* AppDelegate.m */; };
		C5491C2F1E8374D700A11807 /* Main.storyboard in Resources */ = {isa = PBXBuildFile; fileRef = C5491C2D1E8374D700A11807 /* Main.storyboard */; };
		C5491C311E8374D700A11807 /* Assets.xcassets in Resources */ = {isa = PBXBuildFile; fileRef = C5491C301E8374D700A11807 /* Assets.xcassets */; };
		C5491C341E8374D700A11807 /* LaunchScreen.storyboard in Resources */ = {isa = PBXBuildFile; fileRef = C5491C321E8374D700A11807 /* LaunchScreen.storyboard */; };
		C5491C3D1E83780900A11807 /* BRHomeViewController.m in Sources */ = {isa = PBXBuildFile; fileRef = C5491C3C1E83780900A11807 /* BRHomeViewController.m */; };
		C5491C401E837A4A00A11807 /* BRNextViewController.m in Sources */ = {isa = PBXBuildFile; fileRef = C5491C3F1E837A4A00A11807 /* BRNextViewController.m */; };
		C5491C461E839A5B00A11807 /* UINavigationController+Back.m in Sources */ = {isa = PBXBuildFile; fileRef = C5491C451E839A5B00A11807 /* UINavigationController+Back.m */; };
/* End PBXBuildFile section */

/* Begin PBXFileReference section */
		C5491C211E8374D700A11807 /* TopViewScale.app */ = {isa = PBXFileReference; explicitFileType = wrapper.application; includeInIndex = 0; path = TopViewScale.app; sourceTree = BUILT_PRODUCTS_DIR; };
		C5491C251E8374D700A11807 /* main.m */ = {isa = PBXFileReference; lastKnownFileType = sourcecode.c.objc; path = main.m; sourceTree = "<group>"; };
		C5491C271E8374D700A11807 /* AppDelegate.h */ = {isa = PBXFileReference; lastKnownFileType = sourcecode.c.h; path = AppDelegate.h; sourceTree = "<group>"; };
		C5491C281E8374D700A11807 /* AppDelegate.m */ = {isa = PBXFileReference; lastKnownFileType = sourcecode.c.objc; path = AppDelegate.m; sourceTree = "<group>"; };
		C5491C2E1E8374D700A11807 /* Base */ = {isa = PBXFileReference; lastKnownFileType = file.storyboard; name = Base; path = Base.lproj/Main.storyboard; sourceTree = "<group>"; };
		C5491C301E8374D700A11807 /* Assets.xcassets */ = {isa = PBXFileReference; lastKnownFileType = folder.assetcatalog; path = Assets.xcassets; sourceTree = "<group>"; };
		C5491C331E8374D700A11807 /* Base */ = {isa = PBXFileReference; lastKnownFileType = file.storyboard; name = Base; path = Base.lproj/LaunchScreen.storyboard; sourceTree = "<group>"; };
		C5491C351E8374D700A11807 /* Info.plist */ = {isa = PBXFileReference; lastKnownFileType = text.plist.xml; path = Info.plist; sourceTree = "<group>"; };
		C5491C3B1E83780900A11807 /* BRHomeViewController.h */ = {isa = PBXFileReference; fileEncoding = 4; lastKnownFileType = sourcecode.c.h; path = BRHomeViewController.h; sourceTree = "<group>"; };
		C5491C3C1E83780900A11807 /* BRHomeViewController.m */ = {isa = PBXFileReference; fileEncoding = 4; lastKnownFileType = sourcecode.c.objc; path = BRHomeViewController.m; sourceTree = "<group>"; };
		C5491C3E1E837A4A00A11807 /* BRNextViewController.h */ = {isa = PBXFileReference; fileEncoding = 4; lastKnownFileType = sourcecode.c.h; path = BRNextViewController.h; sourceTree = "<group>"; };
		C5491C3F1E837A4A00A11807 /* BRNextViewController.m */ = {isa = PBXFileReference; fileEncoding = 4; lastKnownFileType = sourcecode.c.objc; path = BRNextViewController.m; sourceTree = "<group>"; };
		C5491C441E839A5B00A11807 /* UINavigationController+Back.h */ = {isa = PBXFileReference; fileEncoding = 4; lastKnownFileType = sourcecode.c.h; path = "UINavigationController+Back.h"; sourceTree = "<group>"; };
		C5491C451E839A5B00A11807 /* UINavigationController+Back.m */ = {isa = PBXFileReference; fileEncoding = 4; lastKnownFileType = sourcecode.c.objc; path = "UINavigationController+Back.m"; sourceTree = "<group>"; };
/* End PBXFileReference section */

/* Begin PBXFrameworksBuildPhase section */
		C5491C1E1E8374D700A11807 /* Frameworks */ = {
			isa = PBXFrameworksBuildPhase;
			buildActionMask = 2147483647;
			files = (
			);
			runOnlyForDeploymentPostprocessing = 0;
		};
/* End PBXFrameworksBuildPhase section */

/* Begin PBXGroup section */
		C5491C181E8374D700A11807 = {
			isa = PBXGroup;
			children = (
				C5491C231E8374D700A11807 /* TopViewScale */,
				C5491C221E8374D700A11807 /* Products */,
			);
			sourceTree = "<group>";
		};
		C5491C221E8374D700A11807 /* Products */ = {
			isa = PBXGroup;
			children = (
				C5491C211E8374D700A11807 /* TopViewScale.app */,
			);
			name = Products;
			sourceTree = "<group>";
		};
		C5491C231E8374D700A11807 /* TopViewScale */ = {
			isa = PBXGroup;
			children = (
				C5491C271E8374D700A11807 /* AppDelegate.h */,
				C5491C281E8374D700A11807 /* AppDelegate.m */,
				C5491C3B1E83780900A11807 /* BRHomeViewController.h */,
				C5491C3C1E83780900A11807 /* BRHomeViewController.m */,
				C5491C3E1E837A4A00A11807 /* BRNextViewController.h */,
				C5491C3F1E837A4A00A11807 /* BRNextViewController.m */,
				C5491C441E839A5B00A11807 /* UINavigationController+Back.h */,
				C5491C451E839A5B00A11807 /* UINavigationController+Back.m */,
				C5491C2D1E8374D700A11807 /* Main.storyboard */,
				C5491C301E8374D700A11807 /* Assets.xcassets */,
				C5491C321E8374D700A11807 /* LaunchScreen.storyboard */,
				C5491C351E8374D700A11807 /* Info.plist */,
				C5491C241E8374D700A11807 /* Supporting Files */,
			);
			path = TopViewScale;
			sourceTree = "<group>";
		};
		C5491C241E8374D700A11807 /* Supporting Files */ = {
			isa = PBXGroup;
			children = (
				C5491C251E8374D700A11807 /* main.m */,
			);
			name = "Supporting Files";
			sourceTree = "<group>";
		};
/* End PBXGroup section */

/* Begin PBXNativeTarget section */
		C5491C201E8374D700A11807 /* TopViewScale */ = {
			isa = PBXNativeTarget;
			buildConfigurationList = C5491C381E8374D700A11807 /* Build configuration list for PBXNativeTarget "TopViewScale" */;
			buildPhases = (
				C5491C1D1E8374D700A11807 /* Sources */,
				C5491C1E1E8374D700A11807 /* Frameworks */,
				C5491C1F1E8374D700A11807 /* Resources */,
			);
			buildRules = (
			);
			dependencies = (
			);
			name = TopViewScale;
			productName = TopViewScale;
			productReference = C5491C211E8374D700A11807 /* TopViewScale.app */;
			productType = "com.apple.product-type.application";
		};
/* End PBXNativeTarget section */

/* Begin PBXProject section */
		C5491C191E8374D700A11807 /* Project object */ = {
			isa = PBXProject;
			attributes = {
				LastUpgradeCheck = 0820;
				ORGANIZATIONNAME = renbo;
				TargetAttributes = {
					C5491C201E8374D700A11807 = {
						CreatedOnToolsVersion = 8.2.1;
						DevelopmentTeam = 56HTN5B782;
						ProvisioningStyle = Automatic;
					};
				};
			};
			buildConfigurationList = C5491C1C1E8374D700A11807 /* Build configuration list for PBXProject "TopViewScale" */;
			compatibilityVersion = "Xcode 3.2";
			developmentRegion = English;
			hasScannedForEncodings = 0;
			knownRegions = (
				en,
				Base,
			);
			mainGroup = C5491C181E8374D700A11807;
			productRefGroup = C5491C221E8374D700A11807 /* Products */;
			projectDirPath = "";
			projectRoot = "";
			targets = (
				C5491C201E8374D700A11807 /* TopViewScale */,
			);
		};
/* End PBXProject section */

/* Begin PBXResourcesBuildPhase section */
		C5491C1F1E8374D700A11807 /* Resources */ = {
			isa = PBXResourcesBuildPhase;
			buildActionMask = 2147483647;
			files = (
				C5491C341E8374D700A11807 /* LaunchScreen.storyboard in Resources */,
				C5491C311E8374D700A11807 /* Assets.xcassets in Resources */,
				C5491C2F1E8374D700A11807 /* Main.storyboard in Resources */,
			);
			runOnlyForDeploymentPostprocessing = 0;
		};
/* End PBXResourcesBuildPhase section */

/* Begin PBXSourcesBuildPhase section */
		C5491C1D1E8374D700A11807 /* Sources */ = {
			isa = PBXSourcesBuildPhase;
			buildActionMask = 2147483647;
			files = (
				C5491C3D1E83780900A11807 /* BRHomeViewController.m in Sources */,
				C5491C461E839A5B00A11807 /* UINavigationController+Back.m in Sources */,
				C5491C291E8374D700A11807 /* AppDelegate.m in Sources */,
				C5491C261E8374D700A11807 /* main.m in Sources */,
				C5491C401E837A4A00A11807 /* BRNextViewController.m in Sources */,
			);
			runOnlyForDeploymentPostprocessing = 0;
		};
/* End PBXSourcesBuildPhase section */

/* Begin PBXVariantGroup section */
		C5491C2D1E8374D700A11807 /* Main.storyboard */ = {
			isa = PBXVariantGroup;
			children = (
				C5491C2E1E8374D700A11807 /* Base */,
			);
			name = Main.storyboard;
			sourceTree = "<group>";
		};
		C5491C321E8374D700A11807 /* LaunchScreen.storyboard */ = {
			isa = PBXVariantGroup;
			children = (
				C5491C331E8374D700A11807 /* Base */,
			);
			name = LaunchScreen.storyboard;
			sourceTree = "<group>";
		};
/* End PBXVariantGroup section */

/* Begin XCBuildConfiguration section */
		C5491C361E8374D700A11807 /* Debug */ = {
			isa = XCBuildConfiguration;
			buildSettings = {
				ALWAYS_SEARCH_USER_PATHS = NO;
				CLANG_ANALYZER_NONNULL = YES;
				CLANG_CXX_LANGUAGE_STANDARD = "gnu++0x";
				CLANG_CXX_LIBRARY = "libc++";
				CLANG_ENABLE_MODULES = YES;
				CLANG_ENABLE_OBJC_ARC = YES;
				CLANG_WARN_BOOL_CONVERSION = YES;
				CLANG_WARN_CONSTANT_CONVERSION = YES;
				CLANG_WARN_DIRECT_OBJC_ISA_USAGE = YES_ERROR;
				CLANG_WARN_DOCUMENTATION_COMMENTS = YES;
				CLANG_WARN_EMPTY_BODY = YES;
				CLANG_WARN_ENUM_CONVERSION = YES;
				CLANG_WARN_INFINITE_RECURSION = YES;
				CLANG_WARN_INT_CONVERSION = YES;
				CLANG_WARN_OBJC_ROOT_CLASS = YES_ERROR;
				CLANG_WARN_SUSPICIOUS_MOVE = YES;
				CLANG_WARN_UNREACHABLE_CODE = YES;
				CLANG_WARN__DUPLICATE_METHOD_MATCH = YES;
				"CODE_SIGN_IDENTITY[sdk=iphoneos*]" = "iPhone Developer";
				COPY_PHASE_STRIP = NO;
				DEBUG_INFORMATION_FORMAT = dwarf;
				ENABLE_STRICT_OBJC_MSGSEND = YES;
				ENABLE_TESTABILITY = YES;
				GCC_C_LANGUAGE_STANDARD = gnu99;
				GCC_DYNAMIC_NO_PIC = NO;
				GCC_NO_COMMON_BLOCKS = YES;
				GCC_OPTIMIZATION_LEVEL = 0;
				GCC_PREPROCESSOR_DEFINITIONS = (
					"DEBUG=1",
					"$(inherited)",
				);
				GCC_WARN_64_TO_32_BIT_CONVERSION = YES;
				GCC_WARN_ABOUT_RETURN_TYPE = YES_ERROR;
				GCC_WARN_UNDECLARED_SELECTOR = YES;
				GCC_WARN_UNINITIALIZED_AUTOS = YES_AGGRESSIVE;
				GCC_WARN_UNUSED_FUNCTION = YES;
				GCC_WARN_UNUSED_VARIABLE = YES;
				IPHONEOS_DEPLOYMENT_TARGET = 10.2;
				MTL_ENABLE_DEBUG_INFO = YES;
				ONLY_ACTIVE_ARCH = YES;
				SDKROOT = iphoneos;
			};
			name = Debug;
		};
		C5491C371E8374D700A11807 /* Release */ = {
			isa = XCBuildConfiguration;
			buildSettings = {
				ALWAYS_SEARCH_USER_PATHS = NO;
				CLANG_ANALYZER_NONNULL = YES;
				CLANG_CXX_LANGUAGE_STANDARD = "gnu++0x";
				CLANG_CXX_LIBRARY = "libc++";
				CLANG_ENABLE_MODULES = YES;
				CLANG_ENABLE_OBJC_ARC = YES;
				CLANG_WARN_BOOL_CONVERSION = YES;
				CLANG_WARN_CONSTANT_CONVERSION = YES;
				CLANG_WARN_DIRECT_OBJC_ISA_USAGE = YES_ERROR;
				CLANG_WARN_DOCUMENTATION_COMMENTS = YES;
				CLANG_WARN_EMPTY_BODY = YES;
				CLANG_WARN_ENUM_CONVERSION = YES;
				CLANG_WARN_INFINITE_RECURSION = YES;
				CLANG_WARN_INT_CONVERSION = YES;
				CLANG_WARN_OBJC_ROOT_CLASS = YES_ERROR;
				CLANG_WARN_SUSPICIOUS_MOVE = YES;
				CLANG_WARN_UNREACHABLE_CODE = YES;
				CLANG_WARN__DUPLICATE_METHOD_MATCH = YES;
				"CODE_SIGN_IDENTITY[sdk=iphoneos*]" = "iPhone Developer";
				COPY_PHASE_STRIP = NO;
				DEBUG_INFORMATION_FORMAT = "dwarf-with-dsym";
				ENABLE_NS_ASSERTIONS = NO;
				ENABLE_STRICT_OBJC_MSGSEND = YES;
				GCC_C_LANGUAGE_STANDARD = gnu99;
				GCC_NO_COMMON_BLOCKS = YES;
				GCC_WARN_64_TO_32_BIT_CONVERSION = YES;
				GCC_WARN_ABOUT_RETURN_TYPE = YES_ERROR;
				GCC_WARN_UNDECLARED_SELECTOR = YES;
				GCC_WARN_UNINITIALIZED_AUTOS = YES_AGGRESSIVE;
				GCC_WARN_UNUSED_FUNCTION = YES;
				GCC_WARN_UNUSED_VARIABLE = YES;
				IPHONEOS_DEPLOYMENT_TARGET = 10.2;
				MTL_ENABLE_DEBUG_INFO = NO;
				SDKROOT = iphoneos;
				VALIDATE_PRODUCT = YES;
			};
			name = Release;
		};
		C5491C391E8374D700A11807 /* Debug */ = {
			isa = XCBuildConfiguration;
			buildSettings = {
				ASSETCATALOG_COMPILER_APPICON_NAME = AppIcon;
				DEVELOPMENT_TEAM = 56HTN5B782;
				INFOPLIST_FILE = TopViewScale/Info.plist;
				IPHONEOS_DEPLOYMENT_TARGET = 8.0;
				LD_RUNPATH_SEARCH_PATHS = "$(inherited) @executable_path/Frameworks";
				PRODUCT_BUNDLE_IDENTIFIER = com.renbo.TopViewScale;
				PRODUCT_NAME = "$(TARGET_NAME)";
			};
			name = Debug;
		};
		C5491C3A1E8374D700A11807 /* Release */ = {
			isa = XCBuildConfiguration;
			buildSettings = {
				ASSETCATALOG_COMPILER_APPICON_NAME = AppIcon;
				DEVELOPMENT_TEAM = 56HTN5B782;
				INFOPLIST_FILE = TopViewScale/Info.plist;
				IPHONEOS_DEPLOYMENT_TARGET = 8.0;
				LD_RUNPATH_SEARCH_PATHS = "$(inherited) @executable_path/Frameworks";
				PRODUCT_BUNDLE_IDENTIFIER = com.renbo.TopViewScale;
				PRODUCT_NAME = "$(TARGET_NAME)";
			};
			name = Release;
		};
/* End XCBuildConfiguration section */

/* Begin XCConfigurationList section */
		C5491C1C1E8374D700A11807 /* Build configuration list for PBXProject "TopViewScale" */ = {
			isa = XCConfigurationList;
			buildConfigurations = (
				C5491C361E8374D700A11807 /* Debug */,
				C5491C371E8374D700A11807 /* Release */,
			);
			defaultConfigurationIsVisible = 0;
			defaultConfigurationName = Release;
		};
		C5491C381E8374D700A11807 /* Build configuration list for PBXNativeTarget "TopViewScale" */ = {
			isa = XCConfigurationList;
			buildConfigurations = (
				C5491C391E8374D700A11807 /* Debug */,
				C5491C3A1E8374D700A11807 /* Release */,
			);
			defaultConfigurationIsVisible = 0;
		};
/* End XCConfigurationList section */
	};
	rootObject = C5491C191E8374D700A11807 /* Project object */;
}
